
Microsoft Visual Studio Solution File, Format Version 12.00
# Visual Studio Version 17
VisualStudioVersion = 17.7.34031.279
MinimumVisualStudioVersion = 10.0.40219.1
Project("{888888A0-9F3D-457C-B088-3A5042F75D52}") = "Course_Project_3_Lab", "Course_Project_3_Lab.pyproj", "{60D80BB5-C0C4-43E8-B5FE-72B032E37DCC}"
EndProject
Global
	GlobalSection(SolutionConfigurationPlatforms) = preSolution
		Debug|Any CPU = Debug|Any CPU
		Release|Any CPU = Release|Any CPU
	EndGlobalSection
	GlobalSection(ProjectConfigurationPlatforms) = postSolution
		{60D80BB5-C0C4-43E8-B5FE-72B032E37DCC}.Debug|Any CPU.ActiveCfg = Debug|Any CPU
		{60D80BB5-C0C4-43E8-B5FE-72B032E37DCC}.Release|Any CPU.ActiveCfg = Release|Any CPU
	EndGlobalSection
	GlobalSection(SolutionProperties) = preSolution
		HideSolutionNode = FALSE
	EndGlobalSection
	GlobalSection(ExtensibilityGlobals) = postSolution
		SolutionGuid = {8EF307FA-48A8-4CB5-9153-DC3A5DE698FD}
	EndGlobalSection
EndGlobal
